
Microsoft Visual Studio Solution File, Format Version 12.00
# Visual Studio Version 16
VisualStudioVersion = 16.0.34301.259
MinimumVisualStudioVersion = 10.0.40219.1
Project("{FAE04EC0-301F-11D3-BF4B-00C04F79EFBC}") = "CSharpLINQ", "CSharpLINQ.csproj", "{EC14E14F-E6D4-4960-9EA6-E93441F89C6B}"
EndProject
Global
	GlobalSection(SolutionConfigurationPlatforms) = preSolution
		Debug|Any CPU = Debug|Any CPU
		Release|Any CPU = Release|Any CPU
	EndGlobalSection
	GlobalSection(ProjectConfigurationPlatforms) = postSolution
		{EC14E14F-E6D4-4960-9EA6-E93441F89C6B}.Debug|Any CPU.ActiveCfg = Debug|Any CPU
		{EC14E14F-E6D4-4960-9EA6-E93441F89C6B}.Debug|Any CPU.Build.0 = Debug|Any CPU
		{EC14E14F-E6D4-4960-9EA6-E93441F89C6B}.Release|Any CPU.ActiveCfg = Release|Any CPU
		{EC14E14F-E6D4-4960-9EA6-E93441F89C6B}.Release|Any CPU.Build.0 = Release|Any CPU
	EndGlobalSection
	GlobalSection(SolutionProperties) = preSolution
		HideSolutionNode = FALSE
	EndGlobalSection
	GlobalSection(ExtensibilityGlobals) = postSolution
		SolutionGuid = {045E6020-0133-4ACF-A515-CCC2163A4C0D}
	EndGlobalSection
EndGlobal
